
Microsoft Visual Studio Solution File, Format Version 12.00
# Visual Studio Version 17
VisualStudioVersion = 17.5.33530.505
MinimumVisualStudioVersion = 10.0.40219.1
Project("{888888A0-9F3D-457C-B088-3A5042F75D52}") = "Hello World", "Hello World.pyproj", "{D5B0F245-1A3E-49B4-BA32-74E00D5DE174}"
EndProject
Global
	GlobalSection(SolutionConfigurationPlatforms) = preSolution
		Debug|Any CPU = Debug|Any CPU
		Release|Any CPU = Release|Any CPU
	EndGlobalSection
	GlobalSection(ProjectConfigurationPlatforms) = postSolution
		{D5B0F245-1A3E-49B4-BA32-74E00D5DE174}.Debug|Any CPU.ActiveCfg = Debug|Any CPU
		{D5B0F245-1A3E-49B4-BA32-74E00D5DE174}.Release|Any CPU.ActiveCfg = Release|Any CPU
	EndGlobalSection
	GlobalSection(SolutionProperties) = preSolution
		HideSolutionNode = FALSE
	EndGlobalSection
	GlobalSection(ExtensibilityGlobals) = postSolution
		SolutionGuid = {C4F0AC23-E985-40FC-866F-994B4A5A5FC9}
	EndGlobalSection
EndGlobal
